{
  "nodes": {
    "nixpkgs": {
      "locked": {
        "lastModified": 1619987134,
        "narHash": "sha256-QnN41tsjoVGV4zmvF3Fxrst2VZnoNXu5Lbb5ODNeBsE=",
        "path": "/nix/store/qpcrg5rlswyf9dwypaw31aj54b51j79q-source",
        "rev": "4518794ee53d109d551c210a6d195b79e9995a90",
        "type": "path"
      },
      "original": {
        "owner": "NixOS",
        "repo": "nixpkgs",
        "type": "github"
      }
    },
    "root": {
      "inputs": {
        "nixpkgs": "nixpkgs"
      }
    }
  },
  "root": "root",
  "version": 7
}
